
Microsoft Visual Studio Solution File, Format Version 12.00
# Visual Studio 15
VisualStudioVersion = 15.0.28307.329
MinimumVisualStudioVersion = 10.0.40219.1
Project("{8BC9CEB8-8B4A-11D0-8D11-00A0C91BC942}") = "Struct_Си", "Struct_Си\Struct_Си.vcxproj", "{97AEA96F-D3AB-4DD3-94AC-BE3440B87ABB}"
EndProject
Global
	GlobalSection(SolutionConfigurationPlatforms) = preSolution
		Debug|x64 = Debug|x64
		Debug|x86 = Debug|x86
		Release|x64 = Release|x64
		Release|x86 = Release|x86
	EndGlobalSection
	GlobalSection(ProjectConfigurationPlatforms) = postSolution
		{97AEA96F-D3AB-4DD3-94AC-BE3440B87ABB}.Debug|x64.ActiveCfg = Debug|x64
		{97AEA96F-D3AB-4DD3-94AC-BE3440B87ABB}.Debug|x64.Build.0 = Debug|x64
		{97AEA96F-D3AB-4DD3-94AC-BE3440B87ABB}.Debug|x86.ActiveCfg = Debug|Win32
		{97AEA96F-D3AB-4DD3-94AC-BE3440B87ABB}.Debug|x86.Build.0 = Debug|Win32
		{97AEA96F-D3AB-4DD3-94AC-BE3440B87ABB}.Release|x64.ActiveCfg = Release|x64
		{97AEA96F-D3AB-4DD3-94AC-BE3440B87ABB}.Release|x64.Build.0 = Release|x64
		{97AEA96F-D3AB-4DD3-94AC-BE3440B87ABB}.Release|x86.ActiveCfg = Release|Win32
		{97AEA96F-D3AB-4DD3-94AC-BE3440B87ABB}.Release|x86.Build.0 = Release|Win32
	EndGlobalSection
	GlobalSection(SolutionProperties) = preSolution
		HideSolutionNode = FALSE
	EndGlobalSection
	GlobalSection(ExtensibilityGlobals) = postSolution
		SolutionGuid = {41438AC2-B6AF-4AE5-9670-E9B12D0DB1B0}
	EndGlobalSection
EndGlobal
