
Microsoft Visual Studio Solution File, Format Version 12.00
# Visual Studio 15
VisualStudioVersion = 15.0.28010.2003
MinimumVisualStudioVersion = 10.0.40219.1
Project("{FAE04EC0-301F-11D3-BF4B-00C04F79EFBC}") = "ImitatorKeyboard", "ImitatorKeyboard\ImitatorKeyboard.csproj", "{03C658F0-784B-4C5B-9367-E7E7E5B74C77}"
EndProject
Global
	GlobalSection(SolutionConfigurationPlatforms) = preSolution
		Debug|Any CPU = Debug|Any CPU
		Release|Any CPU = Release|Any CPU
	EndGlobalSection
	GlobalSection(ProjectConfigurationPlatforms) = postSolution
		{03C658F0-784B-4C5B-9367-E7E7E5B74C77}.Debug|Any CPU.ActiveCfg = Debug|Any CPU
		{03C658F0-784B-4C5B-9367-E7E7E5B74C77}.Debug|Any CPU.Build.0 = Debug|Any CPU
		{03C658F0-784B-4C5B-9367-E7E7E5B74C77}.Release|Any CPU.ActiveCfg = Release|Any CPU
		{03C658F0-784B-4C5B-9367-E7E7E5B74C77}.Release|Any CPU.Build.0 = Release|Any CPU
	EndGlobalSection
	GlobalSection(SolutionProperties) = preSolution
		HideSolutionNode = FALSE
	EndGlobalSection
	GlobalSection(ExtensibilityGlobals) = postSolution
		SolutionGuid = {F19FD4B5-73ED-42A9-B6C3-D8D91FD162BF}
	EndGlobalSection
EndGlobal
